
Microsoft Visual Studio Solution File, Format Version 12.00
# Visual Studio Version 17
VisualStudioVersion = 17.3.32922.545
MinimumVisualStudioVersion = 10.0.40219.1
Project("{2150E333-8FDC-42A3-9474-1A3956D46DE8}") = "Services", "Services", "{594D1686-4360-43B6-BF66-BCF69B07687A}"
EndProject
Project("{2150E333-8FDC-42A3-9474-1A3956D46DE8}") = "Catalog", "Catalog", "{B4300B71-1DD4-46F6-8569-D27F416220CE}"
EndProject
Project("{9A19103F-16F7-4668-BE54-9A1E7A4F7556}") = "Catalog.API", "Services\Catalog\Catalog.API\Catalog.API.csproj", "{C9E883C3-A2C5-43C7-B901-015BEA9A5D9E}"
EndProject
Project("{E53339B2-1760-4266-BCC7-CA923CBCF16C}") = "docker-compose", "docker-compose.dcproj", "{104FE6A0-9B4C-4637-B470-AC3E6F0510A6}"
EndProject
Global
	GlobalSection(SolutionConfigurationPlatforms) = preSolution
		Debug|Any CPU = Debug|Any CPU
		Release|Any CPU = Release|Any CPU
	EndGlobalSection
	GlobalSection(ProjectConfigurationPlatforms) = postSolution
		{C9E883C3-A2C5-43C7-B901-015BEA9A5D9E}.Debug|Any CPU.ActiveCfg = Debug|Any CPU
		{C9E883C3-A2C5-43C7-B901-015BEA9A5D9E}.Debug|Any CPU.Build.0 = Debug|Any CPU
		{C9E883C3-A2C5-43C7-B901-015BEA9A5D9E}.Release|Any CPU.ActiveCfg = Release|Any CPU
		{C9E883C3-A2C5-43C7-B901-015BEA9A5D9E}.Release|Any CPU.Build.0 = Release|Any CPU
		{104FE6A0-9B4C-4637-B470-AC3E6F0510A6}.Debug|Any CPU.ActiveCfg = Debug|Any CPU
		{104FE6A0-9B4C-4637-B470-AC3E6F0510A6}.Debug|Any CPU.Build.0 = Debug|Any CPU
		{104FE6A0-9B4C-4637-B470-AC3E6F0510A6}.Release|Any CPU.ActiveCfg = Release|Any CPU
		{104FE6A0-9B4C-4637-B470-AC3E6F0510A6}.Release|Any CPU.Build.0 = Release|Any CPU
	EndGlobalSection
	GlobalSection(SolutionProperties) = preSolution
		HideSolutionNode = FALSE
	EndGlobalSection
	GlobalSection(NestedProjects) = preSolution
		{B4300B71-1DD4-46F6-8569-D27F416220CE} = {594D1686-4360-43B6-BF66-BCF69B07687A}
		{C9E883C3-A2C5-43C7-B901-015BEA9A5D9E} = {B4300B71-1DD4-46F6-8569-D27F416220CE}
	EndGlobalSection
	GlobalSection(ExtensibilityGlobals) = postSolution
		SolutionGuid = {0FF3E3A3-3836-47B7-9EED-F0871C725D08}
	EndGlobalSection
EndGlobal
