
Microsoft Visual Studio Solution File, Format Version 12.00
# Visual Studio Version 17
VisualStudioVersion = 17.3.32922.545
MinimumVisualStudioVersion = 10.0.40219.1
Project("{2150E333-8FDC-42A3-9474-1A3956D46DE8}") = "Services", "Services", "{594D1686-4360-43B6-BF66-BCF69B07687A}"
EndProject
Project("{2150E333-8FDC-42A3-9474-1A3956D46DE8}") = "Catalog", "Catalog", "{B4300B71-1DD4-46F6-8569-D27F416220CE}"
EndProject
Project("{9A19103F-16F7-4668-BE54-9A1E7A4F7556}") = "Catalog.API", "Services\Catalog\Catalog.API\Catalog.API.csproj", "{C9E883C3-A2C5-43C7-B901-015BEA9A5D9E}"
EndProject
Project("{E53339B2-1760-4266-BCC7-CA923CBCF16C}") = "docker-compose", "docker-compose.dcproj", "{104FE6A0-9B4C-4637-B470-AC3E6F0510A6}"
EndProject
Project("{2150E333-8FDC-42A3-9474-1A3956D46DE8}") = "Basket", "Basket", "{4AE4BE29-08CA-479C-A802-8BC70BAF1E99}"
EndProject
Project("{9A19103F-16F7-4668-BE54-9A1E7A4F7556}") = "Basket.API", "Services\Basket\Basket.API\Basket.API.csproj", "{924BE0D5-4A25-4F7A-8328-372910D07D8E}"
EndProject
Project("{2150E333-8FDC-42A3-9474-1A3956D46DE8}") = "Discount", "Discount", "{E880DEE6-416B-4BBF-A09B-4CD2C71FA8CC}"
EndProject
Project("{9A19103F-16F7-4668-BE54-9A1E7A4F7556}") = "Discount.API", "Services\Discount\Discount.API\Discount.API.csproj", "{D35A7154-62BD-4442-9739-A9B7794EB586}"
EndProject
Project("{9A19103F-16F7-4668-BE54-9A1E7A4F7556}") = "Discount.Grpc", "Services\Discount\Discount.Grpc\Discount.Grpc.csproj", "{4A1B5077-038D-46AB-A125-D13E33F6E1FB}"
EndProject
Project("{2150E333-8FDC-42A3-9474-1A3956D46DE8}") = "Ordering", "Ordering", "{40AA1D31-9282-48E5-BAED-1DFA9E3DC3BF}"
EndProject
Project("{9A19103F-16F7-4668-BE54-9A1E7A4F7556}") = "Ordering.API", "Services\Ordering\Ordering.API\Ordering.API.csproj", "{F273A46B-E5AF-4D67-88D2-1B2C8C4CD45C}"
EndProject
Project("{9A19103F-16F7-4668-BE54-9A1E7A4F7556}") = "Ordering.Domain", "Services\Ordering\Ordering.Domain\Ordering.Domain.csproj", "{6D722CF5-8559-4AC1-9B6F-DA7DB38AD821}"
EndProject
Project("{9A19103F-16F7-4668-BE54-9A1E7A4F7556}") = "Ordering.Application", "Services\Ordering\Ordering.Application\Ordering.Application.csproj", "{CC9367C3-61FD-4497-BE22-E2832B3A2A53}"
EndProject
Project("{9A19103F-16F7-4668-BE54-9A1E7A4F7556}") = "Ordering.Infrastructure", "Services\Ordering\Ordering.Infrastructure\Ordering.Infrastructure.csproj", "{814A6789-E0ED-4781-9E19-6ADA182F8B56}"
EndProject
Project("{2150E333-8FDC-42A3-9474-1A3956D46DE8}") = "BuildingBlocks", "BuildingBlocks", "{8CEA75C1-D6A6-4238-B04C-44D474AC93F3}"
EndProject
Project("{FAE04EC0-301F-11D3-BF4B-00C04F79EFBC}") = "EventBus.Message", "BuildingBlocks\EventBus.Message\EventBus.Message.csproj", "{0A44E241-1130-4430-9DF4-77965DA3B0B6}"
EndProject
Global
	GlobalSection(SolutionConfigurationPlatforms) = preSolution
		Debug|Any CPU = Debug|Any CPU
		Release|Any CPU = Release|Any CPU
	EndGlobalSection
	GlobalSection(ProjectConfigurationPlatforms) = postSolution
		{C9E883C3-A2C5-43C7-B901-015BEA9A5D9E}.Debug|Any CPU.ActiveCfg = Debug|Any CPU
		{C9E883C3-A2C5-43C7-B901-015BEA9A5D9E}.Debug|Any CPU.Build.0 = Debug|Any CPU
		{C9E883C3-A2C5-43C7-B901-015BEA9A5D9E}.Release|Any CPU.ActiveCfg = Release|Any CPU
		{C9E883C3-A2C5-43C7-B901-015BEA9A5D9E}.Release|Any CPU.Build.0 = Release|Any CPU
		{104FE6A0-9B4C-4637-B470-AC3E6F0510A6}.Debug|Any CPU.ActiveCfg = Debug|Any CPU
		{104FE6A0-9B4C-4637-B470-AC3E6F0510A6}.Debug|Any CPU.Build.0 = Debug|Any CPU
		{104FE6A0-9B4C-4637-B470-AC3E6F0510A6}.Release|Any CPU.ActiveCfg = Release|Any CPU
		{104FE6A0-9B4C-4637-B470-AC3E6F0510A6}.Release|Any CPU.Build.0 = Release|Any CPU
		{924BE0D5-4A25-4F7A-8328-372910D07D8E}.Debug|Any CPU.ActiveCfg = Debug|Any CPU
		{924BE0D5-4A25-4F7A-8328-372910D07D8E}.Debug|Any CPU.Build.0 = Debug|Any CPU
		{924BE0D5-4A25-4F7A-8328-372910D07D8E}.Release|Any CPU.ActiveCfg = Release|Any CPU
		{924BE0D5-4A25-4F7A-8328-372910D07D8E}.Release|Any CPU.Build.0 = Release|Any CPU
		{D35A7154-62BD-4442-9739-A9B7794EB586}.Debug|Any CPU.ActiveCfg = Debug|Any CPU
		{D35A7154-62BD-4442-9739-A9B7794EB586}.Debug|Any CPU.Build.0 = Debug|Any CPU
		{D35A7154-62BD-4442-9739-A9B7794EB586}.Release|Any CPU.ActiveCfg = Release|Any CPU
		{D35A7154-62BD-4442-9739-A9B7794EB586}.Release|Any CPU.Build.0 = Release|Any CPU
		{4A1B5077-038D-46AB-A125-D13E33F6E1FB}.Debug|Any CPU.ActiveCfg = Debug|Any CPU
		{4A1B5077-038D-46AB-A125-D13E33F6E1FB}.Debug|Any CPU.Build.0 = Debug|Any CPU
		{4A1B5077-038D-46AB-A125-D13E33F6E1FB}.Release|Any CPU.ActiveCfg = Release|Any CPU
		{4A1B5077-038D-46AB-A125-D13E33F6E1FB}.Release|Any CPU.Build.0 = Release|Any CPU
		{F273A46B-E5AF-4D67-88D2-1B2C8C4CD45C}.Debug|Any CPU.ActiveCfg = Debug|Any CPU
		{F273A46B-E5AF-4D67-88D2-1B2C8C4CD45C}.Debug|Any CPU.Build.0 = Debug|Any CPU
		{F273A46B-E5AF-4D67-88D2-1B2C8C4CD45C}.Release|Any CPU.ActiveCfg = Release|Any CPU
		{F273A46B-E5AF-4D67-88D2-1B2C8C4CD45C}.Release|Any CPU.Build.0 = Release|Any CPU
		{6D722CF5-8559-4AC1-9B6F-DA7DB38AD821}.Debug|Any CPU.ActiveCfg = Debug|Any CPU
		{6D722CF5-8559-4AC1-9B6F-DA7DB38AD821}.Debug|Any CPU.Build.0 = Debug|Any CPU
		{6D722CF5-8559-4AC1-9B6F-DA7DB38AD821}.Release|Any CPU.ActiveCfg = Release|Any CPU
		{6D722CF5-8559-4AC1-9B6F-DA7DB38AD821}.Release|Any CPU.Build.0 = Release|Any CPU
		{CC9367C3-61FD-4497-BE22-E2832B3A2A53}.Debug|Any CPU.ActiveCfg = Debug|Any CPU
		{CC9367C3-61FD-4497-BE22-E2832B3A2A53}.Debug|Any CPU.Build.0 = Debug|Any CPU
		{CC9367C3-61FD-4497-BE22-E2832B3A2A53}.Release|Any CPU.ActiveCfg = Release|Any CPU
		{CC9367C3-61FD-4497-BE22-E2832B3A2A53}.Release|Any CPU.Build.0 = Release|Any CPU
		{814A6789-E0ED-4781-9E19-6ADA182F8B56}.Debug|Any CPU.ActiveCfg = Debug|Any CPU
		{814A6789-E0ED-4781-9E19-6ADA182F8B56}.Debug|Any CPU.Build.0 = Debug|Any CPU
		{814A6789-E0ED-4781-9E19-6ADA182F8B56}.Release|Any CPU.ActiveCfg = Release|Any CPU
		{814A6789-E0ED-4781-9E19-6ADA182F8B56}.Release|Any CPU.Build.0 = Release|Any CPU
		{0A44E241-1130-4430-9DF4-77965DA3B0B6}.Debug|Any CPU.ActiveCfg = Debug|Any CPU
		{0A44E241-1130-4430-9DF4-77965DA3B0B6}.Debug|Any CPU.Build.0 = Debug|Any CPU
		{0A44E241-1130-4430-9DF4-77965DA3B0B6}.Release|Any CPU.ActiveCfg = Release|Any CPU
		{0A44E241-1130-4430-9DF4-77965DA3B0B6}.Release|Any CPU.Build.0 = Release|Any CPU
	EndGlobalSection
	GlobalSection(SolutionProperties) = preSolution
		HideSolutionNode = FALSE
	EndGlobalSection
	GlobalSection(NestedProjects) = preSolution
		{B4300B71-1DD4-46F6-8569-D27F416220CE} = {594D1686-4360-43B6-BF66-BCF69B07687A}
		{C9E883C3-A2C5-43C7-B901-015BEA9A5D9E} = {B4300B71-1DD4-46F6-8569-D27F416220CE}
		{4AE4BE29-08CA-479C-A802-8BC70BAF1E99} = {594D1686-4360-43B6-BF66-BCF69B07687A}
		{924BE0D5-4A25-4F7A-8328-372910D07D8E} = {4AE4BE29-08CA-479C-A802-8BC70BAF1E99}
		{E880DEE6-416B-4BBF-A09B-4CD2C71FA8CC} = {594D1686-4360-43B6-BF66-BCF69B07687A}
		{D35A7154-62BD-4442-9739-A9B7794EB586} = {E880DEE6-416B-4BBF-A09B-4CD2C71FA8CC}
		{4A1B5077-038D-46AB-A125-D13E33F6E1FB} = {E880DEE6-416B-4BBF-A09B-4CD2C71FA8CC}
		{40AA1D31-9282-48E5-BAED-1DFA9E3DC3BF} = {594D1686-4360-43B6-BF66-BCF69B07687A}
		{F273A46B-E5AF-4D67-88D2-1B2C8C4CD45C} = {40AA1D31-9282-48E5-BAED-1DFA9E3DC3BF}
		{6D722CF5-8559-4AC1-9B6F-DA7DB38AD821} = {40AA1D31-9282-48E5-BAED-1DFA9E3DC3BF}
		{CC9367C3-61FD-4497-BE22-E2832B3A2A53} = {40AA1D31-9282-48E5-BAED-1DFA9E3DC3BF}
		{814A6789-E0ED-4781-9E19-6ADA182F8B56} = {40AA1D31-9282-48E5-BAED-1DFA9E3DC3BF}
		{0A44E241-1130-4430-9DF4-77965DA3B0B6} = {8CEA75C1-D6A6-4238-B04C-44D474AC93F3}
	EndGlobalSection
	GlobalSection(ExtensibilityGlobals) = postSolution
		SolutionGuid = {0FF3E3A3-3836-47B7-9EED-F0871C725D08}
	EndGlobalSection
EndGlobal
